
Microsoft Visual Studio Solution File, Format Version 12.00
Project("{FAE04EC0-301F-11D3-BF4B-00C04F79EFBC}") = "ProjectTourHanoi", "ProjectTourHanoi\ProjectTourHanoi.csproj", "{631C5A52-9327-4ACE-96A0-4B40311AB494}"
EndProject
Global
	GlobalSection(SolutionConfigurationPlatforms) = preSolution
		Debug|Any CPU = Debug|Any CPU
		Release|Any CPU = Release|Any CPU
	EndGlobalSection
	GlobalSection(ProjectConfigurationPlatforms) = postSolution
		{631C5A52-9327-4ACE-96A0-4B40311AB494}.Debug|Any CPU.ActiveCfg = Debug|Any CPU
		{631C5A52-9327-4ACE-96A0-4B40311AB494}.Debug|Any CPU.Build.0 = Debug|Any CPU
		{631C5A52-9327-4ACE-96A0-4B40311AB494}.Release|Any CPU.ActiveCfg = Release|Any CPU
		{631C5A52-9327-4ACE-96A0-4B40311AB494}.Release|Any CPU.Build.0 = Release|Any CPU
	EndGlobalSection
EndGlobal
